
Microsoft Visual Studio Solution File, Format Version 12.00
# Visual Studio 15
VisualStudioVersion = 15.0.27428.2015
MinimumVisualStudioVersion = 10.0.40219.1
Project("{FAE04EC0-301F-11D3-BF4B-00C04F79EFBC}") = "Code Challanges Leetcode", "Code Challanges Leetcode\Code Challanges Leetcode.csproj", "{5FDBAA2B-F97B-415E-BF01-727EE52DB7E0}"
EndProject
Global
	GlobalSection(SolutionConfigurationPlatforms) = preSolution
		Debug|Any CPU = Debug|Any CPU
		Release|Any CPU = Release|Any CPU
	EndGlobalSection
	GlobalSection(ProjectConfigurationPlatforms) = postSolution
		{5FDBAA2B-F97B-415E-BF01-727EE52DB7E0}.Debug|Any CPU.ActiveCfg = Debug|Any CPU
		{5FDBAA2B-F97B-415E-BF01-727EE52DB7E0}.Debug|Any CPU.Build.0 = Debug|Any CPU
		{5FDBAA2B-F97B-415E-BF01-727EE52DB7E0}.Release|Any CPU.ActiveCfg = Release|Any CPU
		{5FDBAA2B-F97B-415E-BF01-727EE52DB7E0}.Release|Any CPU.Build.0 = Release|Any CPU
	EndGlobalSection
	GlobalSection(SolutionProperties) = preSolution
		HideSolutionNode = FALSE
	EndGlobalSection
	GlobalSection(ExtensibilityGlobals) = postSolution
		SolutionGuid = {FB367441-0A48-4B2D-9C37-60C359FC81B0}
	EndGlobalSection
EndGlobal
